
Microsoft Visual Studio Solution File, Format Version 12.00
# Visual Studio Version 16
VisualStudioVersion = 16.0.31911.196
MinimumVisualStudioVersion = 10.0.40219.1
Project("{9A19103F-16F7-4668-BE54-9A1E7A4F7556}") = "postgre1", "postgre1\postgre1.csproj", "{8206F967-F397-4349-B72E-10FAF5524821}"
EndProject
Project("{FAE04EC0-301F-11D3-BF4B-00C04F79EFBC}") = "PostGreTestN", "PostGreTestN\PostGreTestN.csproj", "{6E3A73E6-13DE-49C1-A67D-58B0B772090A}"
EndProject
Global
	GlobalSection(SolutionConfigurationPlatforms) = preSolution
		Debug|Any CPU = Debug|Any CPU
		Release|Any CPU = Release|Any CPU
	EndGlobalSection
	GlobalSection(ProjectConfigurationPlatforms) = postSolution
		{8206F967-F397-4349-B72E-10FAF5524821}.Debug|Any CPU.ActiveCfg = Debug|Any CPU
		{8206F967-F397-4349-B72E-10FAF5524821}.Debug|Any CPU.Build.0 = Debug|Any CPU
		{8206F967-F397-4349-B72E-10FAF5524821}.Release|Any CPU.ActiveCfg = Release|Any CPU
		{8206F967-F397-4349-B72E-10FAF5524821}.Release|Any CPU.Build.0 = Release|Any CPU
		{6E3A73E6-13DE-49C1-A67D-58B0B772090A}.Debug|Any CPU.ActiveCfg = Debug|Any CPU
		{6E3A73E6-13DE-49C1-A67D-58B0B772090A}.Debug|Any CPU.Build.0 = Debug|Any CPU
		{6E3A73E6-13DE-49C1-A67D-58B0B772090A}.Release|Any CPU.ActiveCfg = Release|Any CPU
		{6E3A73E6-13DE-49C1-A67D-58B0B772090A}.Release|Any CPU.Build.0 = Release|Any CPU
	EndGlobalSection
	GlobalSection(SolutionProperties) = preSolution
		HideSolutionNode = FALSE
	EndGlobalSection
	GlobalSection(ExtensibilityGlobals) = postSolution
		SolutionGuid = {A6A5300F-8A68-4CEB-9393-C96AA0176D76}
	EndGlobalSection
EndGlobal
